// !$*UTF8*$!
{
	archiveVersion = 1;
	classes = {
	};
	objectVersion = 46;
	objects = {

/* Begin PBXBuildFile section */
		9205966F1F4D261300E688FA /* GravityController.swift in Sources */ = {isa = PBXBuildFile; fileRef = 9205966E1F4D261300E688FA /* GravityController.swift */; };
		920596711F4D262000E688FA /* GravityScene.swift in Sources */ = {isa = PBXBuildFile; fileRef = 920596701F4D262000E688FA /* GravityScene.swift */; };
		920596751F4D431800E688FA /* CGFloat+Extensions.swift in Sources */ = {isa = PBXBuildFile; fileRef = 920596731F4D431800E688FA /* CGFloat+Extensions.swift */; };
		920596761F4D431800E688FA /* CGPoint+Extensions.swift in Sources */ = {isa = PBXBuildFile; fileRef = 920596741F4D431800E688FA /* CGPoint+Extensions.swift */; };
		92DC016E1E8DDEBE005AC4E4 /* AppDelegate.swift in Sources */ = {isa = PBXBuildFile; fileRef = 92DC016D1E8DDEBE005AC4E4 /* AppDelegate.swift */; };
		92DC01701E8DDEBE005AC4E4 /* ViewController.swift in Sources */ = {isa = PBXBuildFile; fileRef = 92DC016F1E8DDEBE005AC4E4 /* ViewController.swift */; };
		92DC01731E8DDEBE005AC4E4 /* Main.storyboard in Resources */ = {isa = PBXBuildFile; fileRef = 92DC01711E8DDEBE005AC4E4 /* Main.storyboard */; };
		92DC01751E8DDEBE005AC4E4 /* Assets.xcassets in Resources */ = {isa = PBXBuildFile; fileRef = 92DC01741E8DDEBE005AC4E4 /* Assets.xcassets */; };
		92DC01781E8DDEBE005AC4E4 /* LaunchScreen.storyboard in Resources */ = {isa = PBXBuildFile; fileRef = 92DC01761E8DDEBE005AC4E4 /* LaunchScreen.storyboard */; };
		92DC01821E8DF170005AC4E4 /* GameScene.swift in Sources */ = {isa = PBXBuildFile; fileRef = 92DC01811E8DF170005AC4E4 /* GameScene.swift */; };
		92DC01841E8DF1DE005AC4E4 /* GameViewController.swift in Sources */ = {isa = PBXBuildFile; fileRef = 92DC01831E8DF1DE005AC4E4 /* GameViewController.swift */; };
		92E9500B1E94998400A017AC /* AlternatelyScene.swift in Sources */ = {isa = PBXBuildFile; fileRef = 92E9500A1E94998400A017AC /* AlternatelyScene.swift */; };
		92E950171E9622B500A017AC /* AlternatelyViewController.swift in Sources */ = {isa = PBXBuildFile; fileRef = 92E950161E9622B500A017AC /* AlternatelyViewController.swift */; };
		92E9501A1E96304D00A017AC /* GestureRecognizerScene.swift in Sources */ = {isa = PBXBuildFile; fileRef = 92E950191E96304D00A017AC /* GestureRecognizerScene.swift */; };
		92E9501C1E9630B200A017AC /* GestureRecognizerViewController.swift in Sources */ = {isa = PBXBuildFile; fileRef = 92E9501B1E9630B200A017AC /* GestureRecognizerViewController.swift */; };
/* End PBXBuildFile section */

/* Begin PBXFileReference section */
		9205966E1F4D261300E688FA /* GravityController.swift */ = {isa = PBXFileReference; fileEncoding = 4; lastKnownFileType = sourcecode.swift; path = GravityController.swift; sourceTree = "<group>"; };
		920596701F4D262000E688FA /* GravityScene.swift */ = {isa = PBXFileReference; fileEncoding = 4; lastKnownFileType = sourcecode.swift; path = GravityScene.swift; sourceTree = "<group>"; };
		920596731F4D431800E688FA /* CGFloat+Extensions.swift */ = {isa = PBXFileReference; fileEncoding = 4; lastKnownFileType = sourcecode.swift; path = "CGFloat+Extensions.swift"; sourceTree = "<group>"; };
		920596741F4D431800E688FA /* CGPoint+Extensions.swift */ = {isa = PBXFileReference; fileEncoding = 4; lastKnownFileType = sourcecode.swift; path = "CGPoint+Extensions.swift"; sourceTree = "<group>"; };
		92DC016A1E8DDEBE005AC4E4 /* SpriteGame.app */ = {isa = PBXFileReference; explicitFileType = wrapper.application; includeInIndex = 0; path = SpriteGame.app; sourceTree = BUILT_PRODUCTS_DIR; };
		92DC016D1E8DDEBE005AC4E4 /* AppDelegate.swift */ = {isa = PBXFileReference; lastKnownFileType = sourcecode.swift; path = AppDelegate.swift; sourceTree = "<group>"; };
		92DC016F1E8DDEBE005AC4E4 /* ViewController.swift */ = {isa = PBXFileReference; lastKnownFileType = sourcecode.swift; path = ViewController.swift; sourceTree = "<group>"; };
		92DC01721E8DDEBE005AC4E4 /* Base */ = {isa = PBXFileReference; lastKnownFileType = file.storyboard; name = Base; path = Base.lproj/Main.storyboard; sourceTree = "<group>"; };
		92DC01741E8DDEBE005AC4E4 /* Assets.xcassets */ = {isa = PBXFileReference; lastKnownFileType = folder.assetcatalog; path = Assets.xcassets; sourceTree = "<group>"; };
		92DC01771E8DDEBE005AC4E4 /* Base */ = {isa = PBXFileReference; lastKnownFileType = file.storyboard; name = Base; path = Base.lproj/LaunchScreen.storyboard; sourceTree = "<group>"; };
		92DC01791E8DDEBE005AC4E4 /* Info.plist */ = {isa = PBXFileReference; lastKnownFileType = text.plist.xml; path = Info.plist; sourceTree = "<group>"; };
		92DC01811E8DF170005AC4E4 /* GameScene.swift */ = {isa = PBXFileReference; fileEncoding = 4; lastKnownFileType = sourcecode.swift; path = GameScene.swift; sourceTree = "<group>"; };
		92DC01831E8DF1DE005AC4E4 /* GameViewController.swift */ = {isa = PBXFileReference; fileEncoding = 4; lastKnownFileType = sourcecode.swift; path = GameViewController.swift; sourceTree = "<group>"; };
		92E9500A1E94998400A017AC /* AlternatelyScene.swift */ = {isa = PBXFileReference; fileEncoding = 4; lastKnownFileType = sourcecode.swift; path = AlternatelyScene.swift; sourceTree = "<group>"; };
		92E950161E9622B500A017AC /* AlternatelyViewController.swift */ = {isa = PBXFileReference; fileEncoding = 4; lastKnownFileType = sourcecode.swift; path = AlternatelyViewController.swift; sourceTree = "<group>"; };
		92E950191E96304D00A017AC /* GestureRecognizerScene.swift */ = {isa = PBXFileReference; fileEncoding = 4; lastKnownFileType = sourcecode.swift; path = GestureRecognizerScene.swift; sourceTree = "<group>"; };
		92E9501B1E9630B200A017AC /* GestureRecognizerViewController.swift */ = {isa = PBXFileReference; fileEncoding = 4; lastKnownFileType = sourcecode.swift; path = GestureRecognizerViewController.swift; sourceTree = "<group>"; };
/* End PBXFileReference section */

/* Begin PBXFrameworksBuildPhase section */
		92DC01671E8DDEBE005AC4E4 /* Frameworks */ = {
			isa = PBXFrameworksBuildPhase;
			buildActionMask = 2147483647;
			files = (
			);
			runOnlyForDeploymentPostprocessing = 0;
		};
/* End PBXFrameworksBuildPhase section */

/* Begin PBXGroup section */
		920596721F4D42FC00E688FA /* helper */ = {
			isa = PBXGroup;
			children = (
				920596731F4D431800E688FA /* CGFloat+Extensions.swift */,
				920596741F4D431800E688FA /* CGPoint+Extensions.swift */,
			);
			name = helper;
			sourceTree = "<group>";
		};
		92DC01611E8DDEBE005AC4E4 = {
			isa = PBXGroup;
			children = (
				92DC016C1E8DDEBE005AC4E4 /* SpriteGame */,
				92DC016B1E8DDEBE005AC4E4 /* Products */,
			);
			sourceTree = "<group>";
		};
		92DC016B1E8DDEBE005AC4E4 /* Products */ = {
			isa = PBXGroup;
			children = (
				92DC016A1E8DDEBE005AC4E4 /* SpriteGame.app */,
			);
			name = Products;
			sourceTree = "<group>";
		};
		92DC016C1E8DDEBE005AC4E4 /* SpriteGame */ = {
			isa = PBXGroup;
			children = (
				920596721F4D42FC00E688FA /* helper */,
				92DC016D1E8DDEBE005AC4E4 /* AppDelegate.swift */,
				92DC016F1E8DDEBE005AC4E4 /* ViewController.swift */,
				92DC01831E8DF1DE005AC4E4 /* GameViewController.swift */,
				92DC01811E8DF170005AC4E4 /* GameScene.swift */,
				92E950161E9622B500A017AC /* AlternatelyViewController.swift */,
				92E9500A1E94998400A017AC /* AlternatelyScene.swift */,
				92E9501B1E9630B200A017AC /* GestureRecognizerViewController.swift */,
				92E950191E96304D00A017AC /* GestureRecognizerScene.swift */,
				9205966E1F4D261300E688FA /* GravityController.swift */,
				920596701F4D262000E688FA /* GravityScene.swift */,
				92DC01711E8DDEBE005AC4E4 /* Main.storyboard */,
				92DC01741E8DDEBE005AC4E4 /* Assets.xcassets */,
				92DC01761E8DDEBE005AC4E4 /* LaunchScreen.storyboard */,
				92DC01791E8DDEBE005AC4E4 /* Info.plist */,
			);
			path = SpriteGame;
			sourceTree = "<group>";
		};
/* End PBXGroup section */

/* Begin PBXNativeTarget section */
		92DC01691E8DDEBE005AC4E4 /* SpriteGame */ = {
			isa = PBXNativeTarget;
			buildConfigurationList = 92DC017C1E8DDEBE005AC4E4 /* Build configuration list for PBXNativeTarget "SpriteGame" */;
			buildPhases = (
				92DC01661E8DDEBE005AC4E4 /* Sources */,
				92DC01671E8DDEBE005AC4E4 /* Frameworks */,
				92DC01681E8DDEBE005AC4E4 /* Resources */,
			);
			buildRules = (
			);
			dependencies = (
			);
			name = SpriteGame;
			productName = SpriteGame;
			productReference = 92DC016A1E8DDEBE005AC4E4 /* SpriteGame.app */;
			productType = "com.apple.product-type.application";
		};
/* End PBXNativeTarget section */

/* Begin PBXProject section */
		92DC01621E8DDEBE005AC4E4 /* Project object */ = {
			isa = PBXProject;
			attributes = {
				LastSwiftUpdateCheck = 0830;
				LastUpgradeCheck = 0830;
				ORGANIZATIONNAME = "魏唯隆";
				TargetAttributes = {
					92DC01691E8DDEBE005AC4E4 = {
						CreatedOnToolsVersion = 8.3;
						DevelopmentTeam = X36P6J44B6;
						ProvisioningStyle = Automatic;
					};
				};
			};
			buildConfigurationList = 92DC01651E8DDEBE005AC4E4 /* Build configuration list for PBXProject "SpriteGame" */;
			compatibilityVersion = "Xcode 3.2";
			developmentRegion = English;
			hasScannedForEncodings = 0;
			knownRegions = (
				en,
				Base,
			);
			mainGroup = 92DC01611E8DDEBE005AC4E4;
			productRefGroup = 92DC016B1E8DDEBE005AC4E4 /* Products */;
			projectDirPath = "";
			projectRoot = "";
			targets = (
				92DC01691E8DDEBE005AC4E4 /* SpriteGame */,
			);
		};
/* End PBXProject section */

/* Begin PBXResourcesBuildPhase section */
		92DC01681E8DDEBE005AC4E4 /* Resources */ = {
			isa = PBXResourcesBuildPhase;
			buildActionMask = 2147483647;
			files = (
				92DC01781E8DDEBE005AC4E4 /* LaunchScreen.storyboard in Resources */,
				92DC01751E8DDEBE005AC4E4 /* Assets.xcassets in Resources */,
				92DC01731E8DDEBE005AC4E4 /* Main.storyboard in Resources */,
			);
			runOnlyForDeploymentPostprocessing = 0;
		};
/* End PBXResourcesBuildPhase section */

/* Begin PBXSourcesBuildPhase section */
		92DC01661E8DDEBE005AC4E4 /* Sources */ = {
			isa = PBXSourcesBuildPhase;
			buildActionMask = 2147483647;
			files = (
				920596751F4D431800E688FA /* CGFloat+Extensions.swift in Sources */,
				92E9500B1E94998400A017AC /* AlternatelyScene.swift in Sources */,
				920596711F4D262000E688FA /* GravityScene.swift in Sources */,
				9205966F1F4D261300E688FA /* GravityController.swift in Sources */,
				92DC01841E8DF1DE005AC4E4 /* GameViewController.swift in Sources */,
				92E9501C1E9630B200A017AC /* GestureRecognizerViewController.swift in Sources */,
				92DC01701E8DDEBE005AC4E4 /* ViewController.swift in Sources */,
				92DC016E1E8DDEBE005AC4E4 /* AppDelegate.swift in Sources */,
				92E9501A1E96304D00A017AC /* GestureRecognizerScene.swift in Sources */,
				92E950171E9622B500A017AC /* AlternatelyViewController.swift in Sources */,
				920596761F4D431800E688FA /* CGPoint+Extensions.swift in Sources */,
				92DC01821E8DF170005AC4E4 /* GameScene.swift in Sources */,
			);
			runOnlyForDeploymentPostprocessing = 0;
		};
/* End PBXSourcesBuildPhase section */

/* Begin PBXVariantGroup section */
		92DC01711E8DDEBE005AC4E4 /* Main.storyboard */ = {
			isa = PBXVariantGroup;
			children = (
				92DC01721E8DDEBE005AC4E4 /* Base */,
			);
			name = Main.storyboard;
			sourceTree = "<group>";
		};
		92DC01761E8DDEBE005AC4E4 /* LaunchScreen.storyboard */ = {
			isa = PBXVariantGroup;
			children = (
				92DC01771E8DDEBE005AC4E4 /* Base */,
			);
			name = LaunchScreen.storyboard;
			sourceTree = "<group>";
		};
/* End PBXVariantGroup section */

/* Begin XCBuildConfiguration section */
		92DC017A1E8DDEBE005AC4E4 /* Debug */ = {
			isa = XCBuildConfiguration;
			buildSettings = {
				ALWAYS_SEARCH_USER_PATHS = NO;
				CLANG_ANALYZER_NONNULL = YES;
				CLANG_ANALYZER_NUMBER_OBJECT_CONVERSION = YES_AGGRESSIVE;
				CLANG_CXX_LANGUAGE_STANDARD = "gnu++0x";
				CLANG_CXX_LIBRARY = "libc++";
				CLANG_ENABLE_MODULES = YES;
				CLANG_ENABLE_OBJC_ARC = YES;
				CLANG_WARN_BOOL_CONVERSION = YES;
				CLANG_WARN_CONSTANT_CONVERSION = YES;
				CLANG_WARN_DIRECT_OBJC_ISA_USAGE = YES_ERROR;
				CLANG_WARN_DOCUMENTATION_COMMENTS = YES;
				CLANG_WARN_EMPTY_BODY = YES;
				CLANG_WARN_ENUM_CONVERSION = YES;
				CLANG_WARN_INFINITE_RECURSION = YES;
				CLANG_WARN_INT_CONVERSION = YES;
				CLANG_WARN_OBJC_ROOT_CLASS = YES_ERROR;
				CLANG_WARN_SUSPICIOUS_MOVE = YES;
				CLANG_WARN_UNREACHABLE_CODE = YES;
				CLANG_WARN__DUPLICATE_METHOD_MATCH = YES;
				"CODE_SIGN_IDENTITY[sdk=iphoneos*]" = "iPhone Developer";
				COPY_PHASE_STRIP = NO;
				DEBUG_INFORMATION_FORMAT = dwarf;
				ENABLE_STRICT_OBJC_MSGSEND = YES;
				ENABLE_TESTABILITY = YES;
				GCC_C_LANGUAGE_STANDARD = gnu99;
				GCC_DYNAMIC_NO_PIC = NO;
				GCC_NO_COMMON_BLOCKS = YES;
				GCC_OPTIMIZATION_LEVEL = 0;
				GCC_PREPROCESSOR_DEFINITIONS = (
					"DEBUG=1",
					"$(inherited)",
				);
				GCC_WARN_64_TO_32_BIT_CONVERSION = YES;
				GCC_WARN_ABOUT_RETURN_TYPE = YES_ERROR;
				GCC_WARN_UNDECLARED_SELECTOR = YES;
				GCC_WARN_UNINITIALIZED_AUTOS = YES_AGGRESSIVE;
				GCC_WARN_UNUSED_FUNCTION = YES;
				GCC_WARN_UNUSED_VARIABLE = YES;
				IPHONEOS_DEPLOYMENT_TARGET = 10.3;
				MTL_ENABLE_DEBUG_INFO = YES;
				ONLY_ACTIVE_ARCH = YES;
				SDKROOT = iphoneos;
				SWIFT_ACTIVE_COMPILATION_CONDITIONS = DEBUG;
				SWIFT_OPTIMIZATION_LEVEL = "-Onone";
			};
			name = Debug;
		};
		92DC017B1E8DDEBE005AC4E4 /* Release */ = {
			isa = XCBuildConfiguration;
			buildSettings = {
				ALWAYS_SEARCH_USER_PATHS = NO;
				CLANG_ANALYZER_NONNULL = YES;
				CLANG_ANALYZER_NUMBER_OBJECT_CONVERSION = YES_AGGRESSIVE;
				CLANG_CXX_LANGUAGE_STANDARD = "gnu++0x";
				CLANG_CXX_LIBRARY = "libc++";
				CLANG_ENABLE_MODULES = YES;
				CLANG_ENABLE_OBJC_ARC = YES;
				CLANG_WARN_BOOL_CONVERSION = YES;
				CLANG_WARN_CONSTANT_CONVERSION = YES;
				CLANG_WARN_DIRECT_OBJC_ISA_USAGE = YES_ERROR;
				CLANG_WARN_DOCUMENTATION_COMMENTS = YES;
				CLANG_WARN_EMPTY_BODY = YES;
				CLANG_WARN_ENUM_CONVERSION = YES;
				CLANG_WARN_INFINITE_RECURSION = YES;
				CLANG_WARN_INT_CONVERSION = YES;
				CLANG_WARN_OBJC_ROOT_CLASS = YES_ERROR;
				CLANG_WARN_SUSPICIOUS_MOVE = YES;
				CLANG_WARN_UNREACHABLE_CODE = YES;
				CLANG_WARN__DUPLICATE_METHOD_MATCH = YES;
				"CODE_SIGN_IDENTITY[sdk=iphoneos*]" = "iPhone Developer";
				COPY_PHASE_STRIP = NO;
				DEBUG_INFORMATION_FORMAT = "dwarf-with-dsym";
				ENABLE_NS_ASSERTIONS = NO;
				ENABLE_STRICT_OBJC_MSGSEND = YES;
				GCC_C_LANGUAGE_STANDARD = gnu99;
				GCC_NO_COMMON_BLOCKS = YES;
				GCC_WARN_64_TO_32_BIT_CONVERSION = YES;
				GCC_WARN_ABOUT_RETURN_TYPE = YES_ERROR;
				GCC_WARN_UNDECLARED_SELECTOR = YES;
				GCC_WARN_UNINITIALIZED_AUTOS = YES_AGGRESSIVE;
				GCC_WARN_UNUSED_FUNCTION = YES;
				GCC_WARN_UNUSED_VARIABLE = YES;
				IPHONEOS_DEPLOYMENT_TARGET = 10.3;
				MTL_ENABLE_DEBUG_INFO = NO;
				SDKROOT = iphoneos;
				SWIFT_OPTIMIZATION_LEVEL = "-Owholemodule";
				VALIDATE_PRODUCT = YES;
			};
			name = Release;
		};
		92DC017D1E8DDEBE005AC4E4 /* Debug */ = {
			isa = XCBuildConfiguration;
			buildSettings = {
				ASSETCATALOG_COMPILER_APPICON_NAME = AppIcon;
				DEVELOPMENT_TEAM = X36P6J44B6;
				INFOPLIST_FILE = SpriteGame/Info.plist;
				LD_RUNPATH_SEARCH_PATHS = "$(inherited) @executable_path/Frameworks";
				PRODUCT_BUNDLE_IDENTIFIER = sanli.SpriteGame;
				PRODUCT_NAME = "$(TARGET_NAME)";
				SWIFT_VERSION = 3.0;
			};
			name = Debug;
		};
		92DC017E1E8DDEBE005AC4E4 /* Release */ = {
			isa = XCBuildConfiguration;
			buildSettings = {
				ASSETCATALOG_COMPILER_APPICON_NAME = AppIcon;
				DEVELOPMENT_TEAM = X36P6J44B6;
				INFOPLIST_FILE = SpriteGame/Info.plist;
				LD_RUNPATH_SEARCH_PATHS = "$(inherited) @executable_path/Frameworks";
				PRODUCT_BUNDLE_IDENTIFIER = sanli.SpriteGame;
				PRODUCT_NAME = "$(TARGET_NAME)";
				SWIFT_VERSION = 3.0;
			};
			name = Release;
		};
/* End XCBuildConfiguration section */

/* Begin XCConfigurationList section */
		92DC01651E8DDEBE005AC4E4 /* Build configuration list for PBXProject "SpriteGame" */ = {
			isa = XCConfigurationList;
			buildConfigurations = (
				92DC017A1E8DDEBE005AC4E4 /* Debug */,
				92DC017B1E8DDEBE005AC4E4 /* Release */,
			);
			defaultConfigurationIsVisible = 0;
			defaultConfigurationName = Release;
		};
		92DC017C1E8DDEBE005AC4E4 /* Build configuration list for PBXNativeTarget "SpriteGame" */ = {
			isa = XCConfigurationList;
			buildConfigurations = (
				92DC017D1E8DDEBE005AC4E4 /* Debug */,
				92DC017E1E8DDEBE005AC4E4 /* Release */,
			);
			defaultConfigurationIsVisible = 0;
			defaultConfigurationName = Release;
		};
/* End XCConfigurationList section */
	};
	rootObject = 92DC01621E8DDEBE005AC4E4 /* Project object */;
}
